
Microsoft Visual Studio Solution File, Format Version 12.00
# Visual Studio Version 17
VisualStudioVersion = 17.5.33530.505
MinimumVisualStudioVersion = 10.0.40219.1
Project("{FAE04EC0-301F-11D3-BF4B-00C04F79EFBC}") = "HotlListing", "HotlListing\HotlListing.csproj", "{25C4C713-96D7-46D0-B5BB-A537326F9C67}"
EndProject
Global
	GlobalSection(SolutionConfigurationPlatforms) = preSolution
		Debug|Any CPU = Debug|Any CPU
		Release|Any CPU = Release|Any CPU
	EndGlobalSection
	GlobalSection(ProjectConfigurationPlatforms) = postSolution
		{25C4C713-96D7-46D0-B5BB-A537326F9C67}.Debug|Any CPU.ActiveCfg = Debug|Any CPU
		{25C4C713-96D7-46D0-B5BB-A537326F9C67}.Debug|Any CPU.Build.0 = Debug|Any CPU
		{25C4C713-96D7-46D0-B5BB-A537326F9C67}.Release|Any CPU.ActiveCfg = Release|Any CPU
		{25C4C713-96D7-46D0-B5BB-A537326F9C67}.Release|Any CPU.Build.0 = Release|Any CPU
	EndGlobalSection
	GlobalSection(SolutionProperties) = preSolution
		HideSolutionNode = FALSE
	EndGlobalSection
	GlobalSection(ExtensibilityGlobals) = postSolution
		SolutionGuid = {0AEEB3BB-3C1B-4AA5-936A-AB76238597CF}
	EndGlobalSection
EndGlobal
